
Microsoft Visual Studio Solution File, Format Version 12.00
# Visual Studio Version 16
Project("{2150E333-8FDC-42A3-9474-1A3956D46DE8}") = "Solution Items", "Solution Items", "{A302DCB4-44D6-4873-9BA4-82259ECCBAF2}"
	ProjectSection(SolutionItems) = preProject
		.gitignore = .gitignore
		ReadMe.md = ReadMe.md
		docker-compose.yml = docker-compose.yml
	EndProjectSection
EndProject
Project("{2150E333-8FDC-42A3-9474-1A3956D46DE8}") = "source", "source", "{ABFC362D-74FD-423C-8459-E33405995C32}"
EndProject
Project("{2150E333-8FDC-42A3-9474-1A3956D46DE8}") = "test", "test", "{215293DF-3A09-45DB-8DBE-2571231CAF59}"
EndProject
Project("{FAE04EC0-301F-11D3-BF4B-00C04F79EFBC}") = "SmartCharging.Api", "source\SmartCharging.Api\SmartCharging.Api.csproj", "{96782C5B-8D56-48F2-B668-BD24149E5378}"
EndProject
Project("{FAE04EC0-301F-11D3-BF4B-00C04F79EFBC}") = "SmartCharging.Application", "source\SmartCharging.Application\SmartCharging.Application.csproj", "{F26456AC-4DFD-4555-B967-B323CAC6A141}"
EndProject
Project("{FAE04EC0-301F-11D3-BF4B-00C04F79EFBC}") = "SmartCharging.Domain", "source\SmartCharging.Domain\SmartCharging.Domain.csproj", "{1BEADE29-4043-45CF-888F-1480B1814E50}"
EndProject
Project("{FAE04EC0-301F-11D3-BF4B-00C04F79EFBC}") = "SmartCharging.Infrastructure", "source\SmartCharging.Infrastructure\SmartCharging.Infrastructure.csproj", "{32D568DF-7D00-4669-BE33-E060ABF9B387}"
EndProject
Project("{FAE04EC0-301F-11D3-BF4B-00C04F79EFBC}") = "SmartCharging.Core", "source\SmartCharging.Core\SmartCharging.Core.csproj", "{9ACE7198-B98A-4F4E-91A2-CAA39DB11692}"
EndProject
Project("{FAE04EC0-301F-11D3-BF4B-00C04F79EFBC}") = "SmartCharging.Application.UnitTests", "test\SmartCharging.Application.UnitTests\SmartCharging.Application.UnitTests.csproj", "{140FD4B2-5D2B-4178-ABA4-BD26F6CA1AA6}"
EndProject
Global
	GlobalSection(SolutionConfigurationPlatforms) = preSolution
		Debug|Any CPU = Debug|Any CPU
		Release|Any CPU = Release|Any CPU
	EndGlobalSection
	GlobalSection(ProjectConfigurationPlatforms) = postSolution
		{96782C5B-8D56-48F2-B668-BD24149E5378}.Debug|Any CPU.ActiveCfg = Debug|Any CPU
		{96782C5B-8D56-48F2-B668-BD24149E5378}.Debug|Any CPU.Build.0 = Debug|Any CPU
		{96782C5B-8D56-48F2-B668-BD24149E5378}.Release|Any CPU.ActiveCfg = Release|Any CPU
		{96782C5B-8D56-48F2-B668-BD24149E5378}.Release|Any CPU.Build.0 = Release|Any CPU
		{F26456AC-4DFD-4555-B967-B323CAC6A141}.Debug|Any CPU.ActiveCfg = Debug|Any CPU
		{F26456AC-4DFD-4555-B967-B323CAC6A141}.Debug|Any CPU.Build.0 = Debug|Any CPU
		{F26456AC-4DFD-4555-B967-B323CAC6A141}.Release|Any CPU.ActiveCfg = Release|Any CPU
		{F26456AC-4DFD-4555-B967-B323CAC6A141}.Release|Any CPU.Build.0 = Release|Any CPU
		{1BEADE29-4043-45CF-888F-1480B1814E50}.Debug|Any CPU.ActiveCfg = Debug|Any CPU
		{1BEADE29-4043-45CF-888F-1480B1814E50}.Debug|Any CPU.Build.0 = Debug|Any CPU
		{1BEADE29-4043-45CF-888F-1480B1814E50}.Release|Any CPU.ActiveCfg = Release|Any CPU
		{1BEADE29-4043-45CF-888F-1480B1814E50}.Release|Any CPU.Build.0 = Release|Any CPU
		{32D568DF-7D00-4669-BE33-E060ABF9B387}.Debug|Any CPU.ActiveCfg = Debug|Any CPU
		{32D568DF-7D00-4669-BE33-E060ABF9B387}.Debug|Any CPU.Build.0 = Debug|Any CPU
		{32D568DF-7D00-4669-BE33-E060ABF9B387}.Release|Any CPU.ActiveCfg = Release|Any CPU
		{32D568DF-7D00-4669-BE33-E060ABF9B387}.Release|Any CPU.Build.0 = Release|Any CPU
		{9ACE7198-B98A-4F4E-91A2-CAA39DB11692}.Debug|Any CPU.ActiveCfg = Debug|Any CPU
		{9ACE7198-B98A-4F4E-91A2-CAA39DB11692}.Debug|Any CPU.Build.0 = Debug|Any CPU
		{9ACE7198-B98A-4F4E-91A2-CAA39DB11692}.Release|Any CPU.ActiveCfg = Release|Any CPU
		{9ACE7198-B98A-4F4E-91A2-CAA39DB11692}.Release|Any CPU.Build.0 = Release|Any CPU
		{140FD4B2-5D2B-4178-ABA4-BD26F6CA1AA6}.Debug|Any CPU.ActiveCfg = Debug|Any CPU
		{140FD4B2-5D2B-4178-ABA4-BD26F6CA1AA6}.Debug|Any CPU.Build.0 = Debug|Any CPU
		{140FD4B2-5D2B-4178-ABA4-BD26F6CA1AA6}.Release|Any CPU.ActiveCfg = Release|Any CPU
		{140FD4B2-5D2B-4178-ABA4-BD26F6CA1AA6}.Release|Any CPU.Build.0 = Release|Any CPU
	EndGlobalSection
	GlobalSection(NestedProjects) = preSolution
		{96782C5B-8D56-48F2-B668-BD24149E5378} = {ABFC362D-74FD-423C-8459-E33405995C32}
		{F26456AC-4DFD-4555-B967-B323CAC6A141} = {ABFC362D-74FD-423C-8459-E33405995C32}
		{1BEADE29-4043-45CF-888F-1480B1814E50} = {ABFC362D-74FD-423C-8459-E33405995C32}
		{32D568DF-7D00-4669-BE33-E060ABF9B387} = {ABFC362D-74FD-423C-8459-E33405995C32}
		{9ACE7198-B98A-4F4E-91A2-CAA39DB11692} = {ABFC362D-74FD-423C-8459-E33405995C32}
		{140FD4B2-5D2B-4178-ABA4-BD26F6CA1AA6} = {215293DF-3A09-45DB-8DBE-2571231CAF59}
	EndGlobalSection
EndGlobal
